// !$*UTF8*$!
{
	archiveVersion = 1;
	classes = {
	};
	objectVersion = 56;
	objects = {

/* Begin PBXBuildFile section */
		1B0931C62A3A2F7F00E8AE6A /* Poke_TestApp.swift in Sources */ = {isa = PBXBuildFile; fileRef = 1B0931C52A3A2F7F00E8AE6A /* Poke_TestApp.swift */; };
		1B0931C82A3A2F7F00E8AE6A /* ContentView.swift in Sources */ = {isa = PBXBuildFile; fileRef = 1B0931C72A3A2F7F00E8AE6A /* ContentView.swift */; };
		1B0931CA2A3A2F8000E8AE6A /* Assets.xcassets in Resources */ = {isa = PBXBuildFile; fileRef = 1B0931C92A3A2F8000E8AE6A /* Assets.xcassets */; };
		1B0931CD2A3A2F8000E8AE6A /* Preview Assets.xcassets in Resources */ = {isa = PBXBuildFile; fileRef = 1B0931CC2A3A2F8000E8AE6A /* Preview Assets.xcassets */; };
		1B0931D72A3A2F8000E8AE6A /* Poke_TestTests.swift in Sources */ = {isa = PBXBuildFile; fileRef = 1B0931D62A3A2F8000E8AE6A /* Poke_TestTests.swift */; };
		1B0931E12A3A2F8000E8AE6A /* Poke_TestUITests.swift in Sources */ = {isa = PBXBuildFile; fileRef = 1B0931E02A3A2F8000E8AE6A /* Poke_TestUITests.swift */; };
		1B0931E32A3A2F8000E8AE6A /* Poke_TestUITestsLaunchTests.swift in Sources */ = {isa = PBXBuildFile; fileRef = 1B0931E22A3A2F8000E8AE6A /* Poke_TestUITestsLaunchTests.swift */; };
		1B3396722AE5891B00E2AE1B /* Service.swift in Sources */ = {isa = PBXBuildFile; fileRef = 1B3396712AE5891B00E2AE1B /* Service.swift */; };
		1B3396742AE5893500E2AE1B /* Pokemon.swift in Sources */ = {isa = PBXBuildFile; fileRef = 1B3396732AE5893500E2AE1B /* Pokemon.swift */; };
		1B3396762AE5896200E2AE1B /* PokemonService.swift in Sources */ = {isa = PBXBuildFile; fileRef = 1B3396752AE5896200E2AE1B /* PokemonService.swift */; };
		1B33967A2AE58C8600E2AE1B /* PokemonModel.swift in Sources */ = {isa = PBXBuildFile; fileRef = 1B3396792AE58C8600E2AE1B /* PokemonModel.swift */; };
		1B33967C2AE5CF5200E2AE1B /* DetailView.swift in Sources */ = {isa = PBXBuildFile; fileRef = 1B33967B2AE5CF5200E2AE1B /* DetailView.swift */; };
		1B33967F2AE7441300E2AE1B /* SDWebImageSwiftUI in Frameworks */ = {isa = PBXBuildFile; productRef = 1B33967E2AE7441300E2AE1B /* SDWebImageSwiftUI */; };
		1B3396812AE747B700E2AE1B /* PokemonDetail.swift in Sources */ = {isa = PBXBuildFile; fileRef = 1B3396802AE747B700E2AE1B /* PokemonDetail.swift */; };
		1B3396852AE7695300E2AE1B /* PokemonServiceTests.swift in Sources */ = {isa = PBXBuildFile; fileRef = 1B3396842AE7695300E2AE1B /* PokemonServiceTests.swift */; };
/* End PBXBuildFile section */

/* Begin PBXContainerItemProxy section */
		1B0931D32A3A2F8000E8AE6A /* PBXContainerItemProxy */ = {
			isa = PBXContainerItemProxy;
			containerPortal = 1B0931BA2A3A2F7F00E8AE6A /* Project object */;
			proxyType = 1;
			remoteGlobalIDString = 1B0931C12A3A2F7F00E8AE6A;
			remoteInfo = "Poke-Test";
		};
		1B0931DD2A3A2F8000E8AE6A /* PBXContainerItemProxy */ = {
			isa = PBXContainerItemProxy;
			containerPortal = 1B0931BA2A3A2F7F00E8AE6A /* Project object */;
			proxyType = 1;
			remoteGlobalIDString = 1B0931C12A3A2F7F00E8AE6A;
			remoteInfo = "Poke-Test";
		};
/* End PBXContainerItemProxy section */

/* Begin PBXFileReference section */
		1B0931C22A3A2F7F00E8AE6A /* Poke-Test.app */ = {isa = PBXFileReference; explicitFileType = wrapper.application; includeInIndex = 0; path = "Poke-Test.app"; sourceTree = BUILT_PRODUCTS_DIR; };
		1B0931C52A3A2F7F00E8AE6A /* Poke_TestApp.swift */ = {isa = PBXFileReference; lastKnownFileType = sourcecode.swift; path = Poke_TestApp.swift; sourceTree = "<group>"; };
		1B0931C72A3A2F7F00E8AE6A /* ContentView.swift */ = {isa = PBXFileReference; lastKnownFileType = sourcecode.swift; path = ContentView.swift; sourceTree = "<group>"; };
		1B0931C92A3A2F8000E8AE6A /* Assets.xcassets */ = {isa = PBXFileReference; lastKnownFileType = folder.assetcatalog; path = Assets.xcassets; sourceTree = "<group>"; };
		1B0931CC2A3A2F8000E8AE6A /* Preview Assets.xcassets */ = {isa = PBXFileReference; lastKnownFileType = folder.assetcatalog; path = "Preview Assets.xcassets"; sourceTree = "<group>"; };
		1B0931D22A3A2F8000E8AE6A /* Poke-TestTests.xctest */ = {isa = PBXFileReference; explicitFileType = wrapper.cfbundle; includeInIndex = 0; path = "Poke-TestTests.xctest"; sourceTree = BUILT_PRODUCTS_DIR; };
		1B0931D62A3A2F8000E8AE6A /* Poke_TestTests.swift */ = {isa = PBXFileReference; lastKnownFileType = sourcecode.swift; path = Poke_TestTests.swift; sourceTree = "<group>"; };
		1B0931DC2A3A2F8000E8AE6A /* Poke-TestUITests.xctest */ = {isa = PBXFileReference; explicitFileType = wrapper.cfbundle; includeInIndex = 0; path = "Poke-TestUITests.xctest"; sourceTree = BUILT_PRODUCTS_DIR; };
		1B0931E02A3A2F8000E8AE6A /* Poke_TestUITests.swift */ = {isa = PBXFileReference; lastKnownFileType = sourcecode.swift; path = Poke_TestUITests.swift; sourceTree = "<group>"; };
		1B0931E22A3A2F8000E8AE6A /* Poke_TestUITestsLaunchTests.swift */ = {isa = PBXFileReference; lastKnownFileType = sourcecode.swift; path = Poke_TestUITestsLaunchTests.swift; sourceTree = "<group>"; };
		1B3396712AE5891B00E2AE1B /* Service.swift */ = {isa = PBXFileReference; lastKnownFileType = sourcecode.swift; path = Service.swift; sourceTree = "<group>"; };
		1B3396732AE5893500E2AE1B /* Pokemon.swift */ = {isa = PBXFileReference; lastKnownFileType = sourcecode.swift; path = Pokemon.swift; sourceTree = "<group>"; };
		1B3396752AE5896200E2AE1B /* PokemonService.swift */ = {isa = PBXFileReference; lastKnownFileType = sourcecode.swift; path = PokemonService.swift; sourceTree = "<group>"; };
		1B3396792AE58C8600E2AE1B /* PokemonModel.swift */ = {isa = PBXFileReference; lastKnownFileType = sourcecode.swift; path = PokemonModel.swift; sourceTree = "<group>"; };
		1B33967B2AE5CF5200E2AE1B /* DetailView.swift */ = {isa = PBXFileReference; lastKnownFileType = sourcecode.swift; path = DetailView.swift; sourceTree = "<group>"; };
		1B3396802AE747B700E2AE1B /* PokemonDetail.swift */ = {isa = PBXFileReference; lastKnownFileType = sourcecode.swift; path = PokemonDetail.swift; sourceTree = "<group>"; };
		1B3396842AE7695300E2AE1B /* PokemonServiceTests.swift */ = {isa = PBXFileReference; lastKnownFileType = sourcecode.swift; path = PokemonServiceTests.swift; sourceTree = "<group>"; };
/* End PBXFileReference section */

/* Begin PBXFrameworksBuildPhase section */
		1B0931BF2A3A2F7F00E8AE6A /* Frameworks */ = {
			isa = PBXFrameworksBuildPhase;
			buildActionMask = 2147483647;
			files = (
				1B33967F2AE7441300E2AE1B /* SDWebImageSwiftUI in Frameworks */,
			);
			runOnlyForDeploymentPostprocessing = 0;
		};
		1B0931CF2A3A2F8000E8AE6A /* Frameworks */ = {
			isa = PBXFrameworksBuildPhase;
			buildActionMask = 2147483647;
			files = (
			);
			runOnlyForDeploymentPostprocessing = 0;
		};
		1B0931D92A3A2F8000E8AE6A /* Frameworks */ = {
			isa = PBXFrameworksBuildPhase;
			buildActionMask = 2147483647;
			files = (
			);
			runOnlyForDeploymentPostprocessing = 0;
		};
/* End PBXFrameworksBuildPhase section */

/* Begin PBXGroup section */
		1B0931B92A3A2F7F00E8AE6A = {
			isa = PBXGroup;
			children = (
				1B0931C42A3A2F7F00E8AE6A /* Poke-Test */,
				1B0931D52A3A2F8000E8AE6A /* Poke-TestTests */,
				1B0931DF2A3A2F8000E8AE6A /* Poke-TestUITests */,
				1B0931C32A3A2F7F00E8AE6A /* Products */,
			);
			sourceTree = "<group>";
		};
		1B0931C32A3A2F7F00E8AE6A /* Products */ = {
			isa = PBXGroup;
			children = (
				1B0931C22A3A2F7F00E8AE6A /* Poke-Test.app */,
				1B0931D22A3A2F8000E8AE6A /* Poke-TestTests.xctest */,
				1B0931DC2A3A2F8000E8AE6A /* Poke-TestUITests.xctest */,
			);
			name = Products;
			sourceTree = "<group>";
		};
		1B0931C42A3A2F7F00E8AE6A /* Poke-Test */ = {
			isa = PBXGroup;
			children = (
				1B3396702AE588DE00E2AE1B /* Entities */,
				1B33966A2AE5798B00E2AE1B /* Cache */,
				1B3396692AE5798400E2AE1B /* Network */,
				1B3396682AE5796B00E2AE1B /* Pokemon */,
				1B0931C52A3A2F7F00E8AE6A /* Poke_TestApp.swift */,
				1B0931C72A3A2F7F00E8AE6A /* ContentView.swift */,
				1B33967B2AE5CF5200E2AE1B /* DetailView.swift */,
				1B0931C92A3A2F8000E8AE6A /* Assets.xcassets */,
				1B0931CB2A3A2F8000E8AE6A /* Preview Content */,
			);
			path = "Poke-Test";
			sourceTree = "<group>";
		};
		1B0931CB2A3A2F8000E8AE6A /* Preview Content */ = {
			isa = PBXGroup;
			children = (
				1B0931CC2A3A2F8000E8AE6A /* Preview Assets.xcassets */,
			);
			path = "Preview Content";
			sourceTree = "<group>";
		};
		1B0931D52A3A2F8000E8AE6A /* Poke-TestTests */ = {
			isa = PBXGroup;
			children = (
				1B3396832AE765D800E2AE1B /* Pokemon */,
				1B0931D62A3A2F8000E8AE6A /* Poke_TestTests.swift */,
			);
			path = "Poke-TestTests";
			sourceTree = "<group>";
		};
		1B0931DF2A3A2F8000E8AE6A /* Poke-TestUITests */ = {
			isa = PBXGroup;
			children = (
				1B0931E02A3A2F8000E8AE6A /* Poke_TestUITests.swift */,
				1B0931E22A3A2F8000E8AE6A /* Poke_TestUITestsLaunchTests.swift */,
			);
			path = "Poke-TestUITests";
			sourceTree = "<group>";
		};
		1B3396682AE5796B00E2AE1B /* Pokemon */ = {
			isa = PBXGroup;
			children = (
				1B3396792AE58C8600E2AE1B /* PokemonModel.swift */,
				1B3396802AE747B700E2AE1B /* PokemonDetail.swift */,
			);
			path = Pokemon;
			sourceTree = "<group>";
		};
		1B3396692AE5798400E2AE1B /* Network */ = {
			isa = PBXGroup;
			children = (
				1B33966B2AE5799B00E2AE1B /* Protocol */,
				1B3396752AE5896200E2AE1B /* PokemonService.swift */,
			);
			path = Network;
			sourceTree = "<group>";
		};
		1B33966A2AE5798B00E2AE1B /* Cache */ = {
			isa = PBXGroup;
			children = (
			);
			path = Cache;
			sourceTree = "<group>";
		};
		1B33966B2AE5799B00E2AE1B /* Protocol */ = {
			isa = PBXGroup;
			children = (
				1B3396712AE5891B00E2AE1B /* Service.swift */,
			);
			path = Protocol;
			sourceTree = "<group>";
		};
		1B3396702AE588DE00E2AE1B /* Entities */ = {
			isa = PBXGroup;
			children = (
				1B3396732AE5893500E2AE1B /* Pokemon.swift */,
			);
			path = Entities;
			sourceTree = "<group>";
		};
		1B3396832AE765D800E2AE1B /* Pokemon */ = {
			isa = PBXGroup;
			children = (
				1B3396842AE7695300E2AE1B /* PokemonServiceTests.swift */,
			);
			path = Pokemon;
			sourceTree = "<group>";
		};
/* End PBXGroup section */

/* Begin PBXNativeTarget section */
		1B0931C12A3A2F7F00E8AE6A /* Poke-Test */ = {
			isa = PBXNativeTarget;
			buildConfigurationList = 1B0931E62A3A2F8000E8AE6A /* Build configuration list for PBXNativeTarget "Poke-Test" */;
			buildPhases = (
				1B0931BE2A3A2F7F00E8AE6A /* Sources */,
				1B0931BF2A3A2F7F00E8AE6A /* Frameworks */,
				1B0931C02A3A2F7F00E8AE6A /* Resources */,
			);
			buildRules = (
			);
			dependencies = (
			);
			name = "Poke-Test";
			packageProductDependencies = (
				1B33967E2AE7441300E2AE1B /* SDWebImageSwiftUI */,
			);
			productName = "Poke-Test";
			productReference = 1B0931C22A3A2F7F00E8AE6A /* Poke-Test.app */;
			productType = "com.apple.product-type.application";
		};
		1B0931D12A3A2F8000E8AE6A /* Poke-TestTests */ = {
			isa = PBXNativeTarget;
			buildConfigurationList = 1B0931E92A3A2F8000E8AE6A /* Build configuration list for PBXNativeTarget "Poke-TestTests" */;
			buildPhases = (
				1B0931CE2A3A2F8000E8AE6A /* Sources */,
				1B0931CF2A3A2F8000E8AE6A /* Frameworks */,
				1B0931D02A3A2F8000E8AE6A /* Resources */,
			);
			buildRules = (
			);
			dependencies = (
				1B0931D42A3A2F8000E8AE6A /* PBXTargetDependency */,
			);
			name = "Poke-TestTests";
			productName = "Poke-TestTests";
			productReference = 1B0931D22A3A2F8000E8AE6A /* Poke-TestTests.xctest */;
			productType = "com.apple.product-type.bundle.unit-test";
		};
		1B0931DB2A3A2F8000E8AE6A /* Poke-TestUITests */ = {
			isa = PBXNativeTarget;
			buildConfigurationList = 1B0931EC2A3A2F8000E8AE6A /* Build configuration list for PBXNativeTarget "Poke-TestUITests" */;
			buildPhases = (
				1B0931D82A3A2F8000E8AE6A /* Sources */,
				1B0931D92A3A2F8000E8AE6A /* Frameworks */,
				1B0931DA2A3A2F8000E8AE6A /* Resources */,
			);
			buildRules = (
			);
			dependencies = (
				1B0931DE2A3A2F8000E8AE6A /* PBXTargetDependency */,
			);
			name = "Poke-TestUITests";
			productName = "Poke-TestUITests";
			productReference = 1B0931DC2A3A2F8000E8AE6A /* Poke-TestUITests.xctest */;
			productType = "com.apple.product-type.bundle.ui-testing";
		};
/* End PBXNativeTarget section */

/* Begin PBXProject section */
		1B0931BA2A3A2F7F00E8AE6A /* Project object */ = {
			isa = PBXProject;
			attributes = {
				BuildIndependentTargetsInParallel = 1;
				LastSwiftUpdateCheck = 1430;
				LastUpgradeCheck = 1500;
				TargetAttributes = {
					1B0931C12A3A2F7F00E8AE6A = {
						CreatedOnToolsVersion = 14.3.1;
					};
					1B0931D12A3A2F8000E8AE6A = {
						CreatedOnToolsVersion = 14.3.1;
						TestTargetID = 1B0931C12A3A2F7F00E8AE6A;
					};
					1B0931DB2A3A2F8000E8AE6A = {
						CreatedOnToolsVersion = 14.3.1;
						TestTargetID = 1B0931C12A3A2F7F00E8AE6A;
					};
				};
			};
			buildConfigurationList = 1B0931BD2A3A2F7F00E8AE6A /* Build configuration list for PBXProject "Poke-Test" */;
			compatibilityVersion = "Xcode 14.0";
			developmentRegion = en;
			hasScannedForEncodings = 0;
			knownRegions = (
				en,
				Base,
			);
			mainGroup = 1B0931B92A3A2F7F00E8AE6A;
			packageReferences = (
				1B33967D2AE7441200E2AE1B /* XCRemoteSwiftPackageReference "SDWebImageSwiftUI" */,
			);
			productRefGroup = 1B0931C32A3A2F7F00E8AE6A /* Products */;
			projectDirPath = "";
			projectRoot = "";
			targets = (
				1B0931C12A3A2F7F00E8AE6A /* Poke-Test */,
				1B0931D12A3A2F8000E8AE6A /* Poke-TestTests */,
				1B0931DB2A3A2F8000E8AE6A /* Poke-TestUITests */,
			);
		};
/* End PBXProject section */

/* Begin PBXResourcesBuildPhase section */
		1B0931C02A3A2F7F00E8AE6A /* Resources */ = {
			isa = PBXResourcesBuildPhase;
			buildActionMask = 2147483647;
			files = (
				1B0931CD2A3A2F8000E8AE6A /* Preview Assets.xcassets in Resources */,
				1B0931CA2A3A2F8000E8AE6A /* Assets.xcassets in Resources */,
			);
			runOnlyForDeploymentPostprocessing = 0;
		};
		1B0931D02A3A2F8000E8AE6A /* Resources */ = {
			isa = PBXResourcesBuildPhase;
			buildActionMask = 2147483647;
			files = (
			);
			runOnlyForDeploymentPostprocessing = 0;
		};
		1B0931DA2A3A2F8000E8AE6A /* Resources */ = {
			isa = PBXResourcesBuildPhase;
			buildActionMask = 2147483647;
			files = (
			);
			runOnlyForDeploymentPostprocessing = 0;
		};
/* End PBXResourcesBuildPhase section */

/* Begin PBXSourcesBuildPhase section */
		1B0931BE2A3A2F7F00E8AE6A /* Sources */ = {
			isa = PBXSourcesBuildPhase;
			buildActionMask = 2147483647;
			files = (
				1B0931C82A3A2F7F00E8AE6A /* ContentView.swift in Sources */,
				1B0931C62A3A2F7F00E8AE6A /* Poke_TestApp.swift in Sources */,
				1B3396812AE747B700E2AE1B /* PokemonDetail.swift in Sources */,
				1B3396722AE5891B00E2AE1B /* Service.swift in Sources */,
				1B33967C2AE5CF5200E2AE1B /* DetailView.swift in Sources */,
				1B3396762AE5896200E2AE1B /* PokemonService.swift in Sources */,
				1B33967A2AE58C8600E2AE1B /* PokemonModel.swift in Sources */,
				1B3396742AE5893500E2AE1B /* Pokemon.swift in Sources */,
			);
			runOnlyForDeploymentPostprocessing = 0;
		};
		1B0931CE2A3A2F8000E8AE6A /* Sources */ = {
			isa = PBXSourcesBuildPhase;
			buildActionMask = 2147483647;
			files = (
				1B0931D72A3A2F8000E8AE6A /* Poke_TestTests.swift in Sources */,
				1B3396852AE7695300E2AE1B /* PokemonServiceTests.swift in Sources */,
			);
			runOnlyForDeploymentPostprocessing = 0;
		};
		1B0931D82A3A2F8000E8AE6A /* Sources */ = {
			isa = PBXSourcesBuildPhase;
			buildActionMask = 2147483647;
			files = (
				1B0931E12A3A2F8000E8AE6A /* Poke_TestUITests.swift in Sources */,
				1B0931E32A3A2F8000E8AE6A /* Poke_TestUITestsLaunchTests.swift in Sources */,
			);
			runOnlyForDeploymentPostprocessing = 0;
		};
/* End PBXSourcesBuildPhase section */

/* Begin PBXTargetDependency section */
		1B0931D42A3A2F8000E8AE6A /* PBXTargetDependency */ = {
			isa = PBXTargetDependency;
			target = 1B0931C12A3A2F7F00E8AE6A /* Poke-Test */;
			targetProxy = 1B0931D32A3A2F8000E8AE6A /* PBXContainerItemProxy */;
		};
		1B0931DE2A3A2F8000E8AE6A /* PBXTargetDependency */ = {
			isa = PBXTargetDependency;
			target = 1B0931C12A3A2F7F00E8AE6A /* Poke-Test */;
			targetProxy = 1B0931DD2A3A2F8000E8AE6A /* PBXContainerItemProxy */;
		};
/* End PBXTargetDependency section */

/* Begin XCBuildConfiguration section */
		1B0931E42A3A2F8000E8AE6A /* Debug */ = {
			isa = XCBuildConfiguration;
			buildSettings = {
				ALWAYS_SEARCH_USER_PATHS = NO;
				CLANG_ANALYZER_NONNULL = YES;
				CLANG_ANALYZER_NUMBER_OBJECT_CONVERSION = YES_AGGRESSIVE;
				CLANG_CXX_LANGUAGE_STANDARD = "gnu++20";
				CLANG_ENABLE_MODULES = YES;
				CLANG_ENABLE_OBJC_ARC = YES;
				CLANG_ENABLE_OBJC_WEAK = YES;
				CLANG_WARN_BLOCK_CAPTURE_AUTORELEASING = YES;
				CLANG_WARN_BOOL_CONVERSION = YES;
				CLANG_WARN_COMMA = YES;
				CLANG_WARN_CONSTANT_CONVERSION = YES;
				CLANG_WARN_DEPRECATED_OBJC_IMPLEMENTATIONS = YES;
				CLANG_WARN_DIRECT_OBJC_ISA_USAGE = YES_ERROR;
				CLANG_WARN_DOCUMENTATION_COMMENTS = YES;
				CLANG_WARN_EMPTY_BODY = YES;
				CLANG_WARN_ENUM_CONVERSION = YES;
				CLANG_WARN_INFINITE_RECURSION = YES;
				CLANG_WARN_INT_CONVERSION = YES;
				CLANG_WARN_NON_LITERAL_NULL_CONVERSION = YES;
				CLANG_WARN_OBJC_IMPLICIT_RETAIN_SELF = YES;
				CLANG_WARN_OBJC_LITERAL_CONVERSION = YES;
				CLANG_WARN_OBJC_ROOT_CLASS = YES_ERROR;
				CLANG_WARN_QUOTED_INCLUDE_IN_FRAMEWORK_HEADER = YES;
				CLANG_WARN_RANGE_LOOP_ANALYSIS = YES;
				CLANG_WARN_STRICT_PROTOTYPES = YES;
				CLANG_WARN_SUSPICIOUS_MOVE = YES;
				CLANG_WARN_UNGUARDED_AVAILABILITY = YES_AGGRESSIVE;
				CLANG_WARN_UNREACHABLE_CODE = YES;
				CLANG_WARN__DUPLICATE_METHOD_MATCH = YES;
				COPY_PHASE_STRIP = NO;
				DEBUG_INFORMATION_FORMAT = dwarf;
				ENABLE_STRICT_OBJC_MSGSEND = YES;
				ENABLE_TESTABILITY = YES;
				ENABLE_USER_SCRIPT_SANDBOXING = YES;
				GCC_C_LANGUAGE_STANDARD = gnu11;
				GCC_DYNAMIC_NO_PIC = NO;
				GCC_NO_COMMON_BLOCKS = YES;
				GCC_OPTIMIZATION_LEVEL = 0;
				GCC_PREPROCESSOR_DEFINITIONS = (
					"DEBUG=1",
					"$(inherited)",
				);
				GCC_WARN_64_TO_32_BIT_CONVERSION = YES;
				GCC_WARN_ABOUT_RETURN_TYPE = YES_ERROR;
				GCC_WARN_UNDECLARED_SELECTOR = YES;
				GCC_WARN_UNINITIALIZED_AUTOS = YES_AGGRESSIVE;
				GCC_WARN_UNUSED_FUNCTION = YES;
				GCC_WARN_UNUSED_VARIABLE = YES;
				IPHONEOS_DEPLOYMENT_TARGET = 16.4;
				MTL_ENABLE_DEBUG_INFO = INCLUDE_SOURCE;
				MTL_FAST_MATH = YES;
				ONLY_ACTIVE_ARCH = YES;
				SDKROOT = iphoneos;
				SWIFT_ACTIVE_COMPILATION_CONDITIONS = DEBUG;
				SWIFT_OPTIMIZATION_LEVEL = "-Onone";
			};
			name = Debug;
		};
		1B0931E52A3A2F8000E8AE6A /* Release */ = {
			isa = XCBuildConfiguration;
			buildSettings = {
				ALWAYS_SEARCH_USER_PATHS = NO;
				CLANG_ANALYZER_NONNULL = YES;
				CLANG_ANALYZER_NUMBER_OBJECT_CONVERSION = YES_AGGRESSIVE;
				CLANG_CXX_LANGUAGE_STANDARD = "gnu++20";
				CLANG_ENABLE_MODULES = YES;
				CLANG_ENABLE_OBJC_ARC = YES;
				CLANG_ENABLE_OBJC_WEAK = YES;
				CLANG_WARN_BLOCK_CAPTURE_AUTORELEASING = YES;
				CLANG_WARN_BOOL_CONVERSION = YES;
				CLANG_WARN_COMMA = YES;
				CLANG_WARN_CONSTANT_CONVERSION = YES;
				CLANG_WARN_DEPRECATED_OBJC_IMPLEMENTATIONS = YES;
				CLANG_WARN_DIRECT_OBJC_ISA_USAGE = YES_ERROR;
				CLANG_WARN_DOCUMENTATION_COMMENTS = YES;
				CLANG_WARN_EMPTY_BODY = YES;
				CLANG_WARN_ENUM_CONVERSION = YES;
				CLANG_WARN_INFINITE_RECURSION = YES;
				CLANG_WARN_INT_CONVERSION = YES;
				CLANG_WARN_NON_LITERAL_NULL_CONVERSION = YES;
				CLANG_WARN_OBJC_IMPLICIT_RETAIN_SELF = YES;
				CLANG_WARN_OBJC_LITERAL_CONVERSION = YES;
				CLANG_WARN_OBJC_ROOT_CLASS = YES_ERROR;
				CLANG_WARN_QUOTED_INCLUDE_IN_FRAMEWORK_HEADER = YES;
				CLANG_WARN_RANGE_LOOP_ANALYSIS = YES;
				CLANG_WARN_STRICT_PROTOTYPES = YES;
				CLANG_WARN_SUSPICIOUS_MOVE = YES;
				CLANG_WARN_UNGUARDED_AVAILABILITY = YES_AGGRESSIVE;
				CLANG_WARN_UNREACHABLE_CODE = YES;
				CLANG_WARN__DUPLICATE_METHOD_MATCH = YES;
				COPY_PHASE_STRIP = NO;
				DEBUG_INFORMATION_FORMAT = "dwarf-with-dsym";
				ENABLE_NS_ASSERTIONS = NO;
				ENABLE_STRICT_OBJC_MSGSEND = YES;
				ENABLE_USER_SCRIPT_SANDBOXING = YES;
				GCC_C_LANGUAGE_STANDARD = gnu11;
				GCC_NO_COMMON_BLOCKS = YES;
				GCC_WARN_64_TO_32_BIT_CONVERSION = YES;
				GCC_WARN_ABOUT_RETURN_TYPE = YES_ERROR;
				GCC_WARN_UNDECLARED_SELECTOR = YES;
				GCC_WARN_UNINITIALIZED_AUTOS = YES_AGGRESSIVE;
				GCC_WARN_UNUSED_FUNCTION = YES;
				GCC_WARN_UNUSED_VARIABLE = YES;
				IPHONEOS_DEPLOYMENT_TARGET = 16.4;
				MTL_ENABLE_DEBUG_INFO = NO;
				MTL_FAST_MATH = YES;
				SDKROOT = iphoneos;
				SWIFT_COMPILATION_MODE = wholemodule;
				SWIFT_OPTIMIZATION_LEVEL = "-O";
				VALIDATE_PRODUCT = YES;
			};
			name = Release;
		};
		1B0931E72A3A2F8000E8AE6A /* Debug */ = {
			isa = XCBuildConfiguration;
			buildSettings = {
				ASSETCATALOG_COMPILER_APPICON_NAME = AppIcon;
				ASSETCATALOG_COMPILER_GLOBAL_ACCENT_COLOR_NAME = AccentColor;
				CODE_SIGN_IDENTITY = "Apple Development";
				"CODE_SIGN_IDENTITY[sdk=iphoneos*]" = "iPhone Developer";
				CODE_SIGN_STYLE = Manual;
				CURRENT_PROJECT_VERSION = 1;
				DEVELOPMENT_ASSET_PATHS = "\"Poke-Test/Preview Content\"";
				DEVELOPMENT_TEAM = "";
				"DEVELOPMENT_TEAM[sdk=iphoneos*]" = 2WD4LJ5535;
				ENABLE_PREVIEWS = YES;
				GENERATE_INFOPLIST_FILE = YES;
				INFOPLIST_KEY_UIApplicationSceneManifest_Generation = YES;
				INFOPLIST_KEY_UIApplicationSupportsIndirectInputEvents = YES;
				INFOPLIST_KEY_UILaunchScreen_Generation = YES;
				INFOPLIST_KEY_UISupportedInterfaceOrientations_iPad = "UIInterfaceOrientationPortrait UIInterfaceOrientationPortraitUpsideDown UIInterfaceOrientationLandscapeLeft UIInterfaceOrientationLandscapeRight";
				INFOPLIST_KEY_UISupportedInterfaceOrientations_iPhone = "UIInterfaceOrientationPortrait UIInterfaceOrientationLandscapeLeft UIInterfaceOrientationLandscapeRight";
				LD_RUNPATH_SEARCH_PATHS = (
					"$(inherited)",
					"@executable_path/Frameworks",
				);
				MARKETING_VERSION = 1.0;
				PRODUCT_BUNDLE_IDENTIFIER = "com.bonsebas.Poke-Test";
				PRODUCT_NAME = "$(TARGET_NAME)";
				PROVISIONING_PROFILE_SPECIFIER = "";
				"PROVISIONING_PROFILE_SPECIFIER[sdk=iphoneos*]" = "match Development com.bonsebas.Poke-Test";
				SWIFT_EMIT_LOC_STRINGS = YES;
				SWIFT_VERSION = 5.0;
				TARGETED_DEVICE_FAMILY = "1,2";
			};
			name = Debug;
		};
		1B0931E82A3A2F8000E8AE6A /* Release */ = {
			isa = XCBuildConfiguration;
			buildSettings = {
				ASSETCATALOG_COMPILER_APPICON_NAME = AppIcon;
				ASSETCATALOG_COMPILER_GLOBAL_ACCENT_COLOR_NAME = AccentColor;
				CODE_SIGN_IDENTITY = "Apple Development";
				"CODE_SIGN_IDENTITY[sdk=iphoneos*]" = "iPhone Distribution";
				CODE_SIGN_STYLE = Manual;
				CURRENT_PROJECT_VERSION = 1;
				DEVELOPMENT_ASSET_PATHS = "\"Poke-Test/Preview Content\"";
				DEVELOPMENT_TEAM = "";
				"DEVELOPMENT_TEAM[sdk=iphoneos*]" = 2WD4LJ5535;
				ENABLE_PREVIEWS = YES;
				GENERATE_INFOPLIST_FILE = YES;
				INFOPLIST_KEY_UIApplicationSceneManifest_Generation = YES;
				INFOPLIST_KEY_UIApplicationSupportsIndirectInputEvents = YES;
				INFOPLIST_KEY_UILaunchScreen_Generation = YES;
				INFOPLIST_KEY_UISupportedInterfaceOrientations_iPad = "UIInterfaceOrientationPortrait UIInterfaceOrientationPortraitUpsideDown UIInterfaceOrientationLandscapeLeft UIInterfaceOrientationLandscapeRight";
				INFOPLIST_KEY_UISupportedInterfaceOrientations_iPhone = "UIInterfaceOrientationPortrait UIInterfaceOrientationLandscapeLeft UIInterfaceOrientationLandscapeRight";
				LD_RUNPATH_SEARCH_PATHS = (
					"$(inherited)",
					"@executable_path/Frameworks",
				);
				MARKETING_VERSION = 1.0;
				PRODUCT_BUNDLE_IDENTIFIER = "com.bonsebas.Poke-Test";
				PRODUCT_NAME = "$(TARGET_NAME)";
				PROVISIONING_PROFILE_SPECIFIER = "";
				"PROVISIONING_PROFILE_SPECIFIER[sdk=iphoneos*]" = "match AdHoc com.bonsebas.Poke-Test";
				SWIFT_EMIT_LOC_STRINGS = YES;
				SWIFT_VERSION = 5.0;
				TARGETED_DEVICE_FAMILY = "1,2";
			};
			name = Release;
		};
		1B0931EA2A3A2F8000E8AE6A /* Debug */ = {
			isa = XCBuildConfiguration;
			buildSettings = {
				ALWAYS_EMBED_SWIFT_STANDARD_LIBRARIES = YES;
				BUNDLE_LOADER = "$(TEST_HOST)";
				CODE_SIGN_STYLE = Automatic;
				CURRENT_PROJECT_VERSION = 1;
				DEVELOPMENT_TEAM = 2WD4LJ5535;
				GENERATE_INFOPLIST_FILE = YES;
				IPHONEOS_DEPLOYMENT_TARGET = 16.4;
				MARKETING_VERSION = 1.0;
				PRODUCT_BUNDLE_IDENTIFIER = "com.bonsebas.Poke-TestTests";
				PRODUCT_NAME = "$(TARGET_NAME)";
				SWIFT_EMIT_LOC_STRINGS = NO;
				SWIFT_VERSION = 5.0;
				TARGETED_DEVICE_FAMILY = "1,2";
				TEST_HOST = "$(BUILT_PRODUCTS_DIR)/Poke-Test.app/$(BUNDLE_EXECUTABLE_FOLDER_PATH)/Poke-Test";
			};
			name = Debug;
		};
		1B0931EB2A3A2F8000E8AE6A /* Release */ = {
			isa = XCBuildConfiguration;
			buildSettings = {
				ALWAYS_EMBED_SWIFT_STANDARD_LIBRARIES = YES;
				BUNDLE_LOADER = "$(TEST_HOST)";
				CODE_SIGN_STYLE = Automatic;
				CURRENT_PROJECT_VERSION = 1;
				DEVELOPMENT_TEAM = 2WD4LJ5535;
				GENERATE_INFOPLIST_FILE = YES;
				IPHONEOS_DEPLOYMENT_TARGET = 16.4;
				MARKETING_VERSION = 1.0;
				PRODUCT_BUNDLE_IDENTIFIER = "com.bonsebas.Poke-TestTests";
				PRODUCT_NAME = "$(TARGET_NAME)";
				SWIFT_EMIT_LOC_STRINGS = NO;
				SWIFT_VERSION = 5.0;
				TARGETED_DEVICE_FAMILY = "1,2";
				TEST_HOST = "$(BUILT_PRODUCTS_DIR)/Poke-Test.app/$(BUNDLE_EXECUTABLE_FOLDER_PATH)/Poke-Test";
			};
			name = Release;
		};
		1B0931ED2A3A2F8000E8AE6A /* Debug */ = {
			isa = XCBuildConfiguration;
			buildSettings = {
				ALWAYS_EMBED_SWIFT_STANDARD_LIBRARIES = YES;
				CODE_SIGN_STYLE = Automatic;
				CURRENT_PROJECT_VERSION = 1;
				DEVELOPMENT_TEAM = 2WD4LJ5535;
				GENERATE_INFOPLIST_FILE = YES;
				MARKETING_VERSION = 1.0;
				PRODUCT_BUNDLE_IDENTIFIER = "com.bonsebas.Poke-TestUITests";
				PRODUCT_NAME = "$(TARGET_NAME)";
				SWIFT_EMIT_LOC_STRINGS = NO;
				SWIFT_VERSION = 5.0;
				TARGETED_DEVICE_FAMILY = "1,2";
				TEST_TARGET_NAME = "Poke-Test";
			};
			name = Debug;
		};
		1B0931EE2A3A2F8000E8AE6A /* Release */ = {
			isa = XCBuildConfiguration;
			buildSettings = {
				ALWAYS_EMBED_SWIFT_STANDARD_LIBRARIES = YES;
				CODE_SIGN_STYLE = Automatic;
				CURRENT_PROJECT_VERSION = 1;
				DEVELOPMENT_TEAM = 2WD4LJ5535;
				GENERATE_INFOPLIST_FILE = YES;
				MARKETING_VERSION = 1.0;
				PRODUCT_BUNDLE_IDENTIFIER = "com.bonsebas.Poke-TestUITests";
				PRODUCT_NAME = "$(TARGET_NAME)";
				SWIFT_EMIT_LOC_STRINGS = NO;
				SWIFT_VERSION = 5.0;
				TARGETED_DEVICE_FAMILY = "1,2";
				TEST_TARGET_NAME = "Poke-Test";
			};
			name = Release;
		};
/* End XCBuildConfiguration section */

/* Begin XCConfigurationList section */
		1B0931BD2A3A2F7F00E8AE6A /* Build configuration list for PBXProject "Poke-Test" */ = {
			isa = XCConfigurationList;
			buildConfigurations = (
				1B0931E42A3A2F8000E8AE6A /* Debug */,
				1B0931E52A3A2F8000E8AE6A /* Release */,
			);
			defaultConfigurationIsVisible = 0;
			defaultConfigurationName = Release;
		};
		1B0931E62A3A2F8000E8AE6A /* Build configuration list for PBXNativeTarget "Poke-Test" */ = {
			isa = XCConfigurationList;
			buildConfigurations = (
				1B0931E72A3A2F8000E8AE6A /* Debug */,
				1B0931E82A3A2F8000E8AE6A /* Release */,
			);
			defaultConfigurationIsVisible = 0;
			defaultConfigurationName = Release;
		};
		1B0931E92A3A2F8000E8AE6A /* Build configuration list for PBXNativeTarget "Poke-TestTests" */ = {
			isa = XCConfigurationList;
			buildConfigurations = (
				1B0931EA2A3A2F8000E8AE6A /* Debug */,
				1B0931EB2A3A2F8000E8AE6A /* Release */,
			);
			defaultConfigurationIsVisible = 0;
			defaultConfigurationName = Release;
		};
		1B0931EC2A3A2F8000E8AE6A /* Build configuration list for PBXNativeTarget "Poke-TestUITests" */ = {
			isa = XCConfigurationList;
			buildConfigurations = (
				1B0931ED2A3A2F8000E8AE6A /* Debug */,
				1B0931EE2A3A2F8000E8AE6A /* Release */,
			);
			defaultConfigurationIsVisible = 0;
			defaultConfigurationName = Release;
		};
/* End XCConfigurationList section */

/* Begin XCRemoteSwiftPackageReference section */
		1B33967D2AE7441200E2AE1B /* XCRemoteSwiftPackageReference "SDWebImageSwiftUI" */ = {
			isa = XCRemoteSwiftPackageReference;
			repositoryURL = "https://github.com/SDWebImage/SDWebImageSwiftUI";
			requirement = {
				kind = upToNextMajorVersion;
				minimumVersion = 2.2.4;
			};
		};
/* End XCRemoteSwiftPackageReference section */

/* Begin XCSwiftPackageProductDependency section */
		1B33967E2AE7441300E2AE1B /* SDWebImageSwiftUI */ = {
			isa = XCSwiftPackageProductDependency;
			package = 1B33967D2AE7441200E2AE1B /* XCRemoteSwiftPackageReference "SDWebImageSwiftUI" */;
			productName = SDWebImageSwiftUI;
		};
/* End XCSwiftPackageProductDependency section */
	};
	rootObject = 1B0931BA2A3A2F7F00E8AE6A /* Project object */;
}
